{
  "lockfileVersion": 1,
  "configVersion": 0,
  "workspaces": {
    "": {
      "name": "pi-extension-sandbox",
      "dependencies": {
        "@anthropic-ai/sandbox-runtime": "^0.0.63",
      },
    },
  },
  "packages": {
    "@anthropic-ai/sandbox-runtime": ["@anthropic-ai/sandbox-runtime@0.0.63", "", { "dependencies": { "@pondwader/socks5-server": "^1.0.10", "commander": "^12.1.0", "node-forge": "^1.4.0", "zod": "^3.24.1" }, "bin": { "srt": "dist/cli.js" } }, "sha512-rKxyYkfDczeDmPfZm6/cXigXwadwfVV7wBfmW0e5vfZER1tkDJXJ7rz7Yi0W5q+PFILG2kz/cAFpSOaQ76q7Jg=="],

    "@pondwader/socks5-server": ["@pondwader/socks5-server@1.0.10", "", {}, "sha512-bQY06wzzR8D2+vVCUoBsr5QS2U6UgPUQRmErNwtsuI6vLcyRKkafjkr3KxbtGFf9aBBIV2mcvlsKD1UYaIV+sg=="],

    "commander": ["commander@12.1.0", "", {}, "sha512-Vw8qHK3bZM9y/P10u3Vib8o/DdkvA2OtPtZvD871QKjy74Wj1WSKFILMPRPSdUSx5RFK1arlJzEtA4PkFgnbuA=="],

    "node-forge": ["node-forge@1.4.0", "", {}, "sha512-LarFH0+6VfriEhqMMcLX2F7SwSXeWwnEAJEsYm5QKWchiVYVvJyV9v7UDvUv+w5HO23ZpQTXDv/GxdDdMyOuoQ=="],

    "zod": ["zod@3.25.76", "", {}, "sha512-gzUt/qt81nXsFGKIFcC3YnfEAx5NkunCfnDlvuBSSFS02bcXu4Lmea0AFIUwbLWxWPx3d9p8S5QoaujKcNQxcQ=="],
  }
}
